
Microsoft Visual Studio Solution File, Format Version 12.00
# Visual Studio Version 17
VisualStudioVersion = 17.10.35013.160
MinimumVisualStudioVersion = 10.0.40219.1
Project("{9A19103F-16F7-4668-BE54-9A1E7A4F7556}") = "SummerPractice.Application", "SummerPractice.Application\SummerPractice.Application.csproj", "{C8F04774-CE08-4B38-A6C8-ADAAA079DEF4}"
EndProject
Global
	GlobalSection(SolutionConfigurationPlatforms) = preSolution
		Debug|Any CPU = Debug|Any CPU
		Release|Any CPU = Release|Any CPU
	EndGlobalSection
	GlobalSection(ProjectConfigurationPlatforms) = postSolution
		{C8F04774-CE08-4B38-A6C8-ADAAA079DEF4}.Debug|Any CPU.ActiveCfg = Debug|Any CPU
		{C8F04774-CE08-4B38-A6C8-ADAAA079DEF4}.Debug|Any CPU.Build.0 = Debug|Any CPU
		{C8F04774-CE08-4B38-A6C8-ADAAA079DEF4}.Release|Any CPU.ActiveCfg = Release|Any CPU
		{C8F04774-CE08-4B38-A6C8-ADAAA079DEF4}.Release|Any CPU.Build.0 = Release|Any CPU
	EndGlobalSection
	GlobalSection(SolutionProperties) = preSolution
		HideSolutionNode = FALSE
	EndGlobalSection
	GlobalSection(ExtensibilityGlobals) = postSolution
		SolutionGuid = {9E3528F2-A68C-4C56-90B0-830D9A8D2610}
	EndGlobalSection
EndGlobal
